
Microsoft Visual Studio Solution File, Format Version 12.00
# Visual Studio 14
VisualStudioVersion = 14.0.25123.0
MinimumVisualStudioVersion = 10.0.40219.1
Project("{FAE04EC0-301F-11D3-BF4B-00C04F79EFBC}") = "eManager.Web", "eManager.Web\eManager.Web.csproj", "{F70869A5-97CA-4A64-8090-001B30BBBF1A}"
EndProject
Project("{FAE04EC0-301F-11D3-BF4B-00C04F79EFBC}") = "eManager.Domain", "eManager.Domain\eManager.Domain.csproj", "{8DF0C58E-7723-4D33-9184-CBBBF9D13FAC}"
EndProject
Project("{FAE04EC0-301F-11D3-BF4B-00C04F79EFBC}") = "eManager.Data", "eManager.Data\eManager.Data.csproj", "{CC222C90-D3ED-4E12-9A8E-18A4827A6472}"
EndProject
Project("{FAE04EC0-301F-11D3-BF4B-00C04F79EFBC}") = "eManager.Service", "eManager.Service\eManager.Service.csproj", "{84381633-55F9-4D88-915F-67FA4D54DF42}"
EndProject
Global
	GlobalSection(SolutionConfigurationPlatforms) = preSolution
		Debug|Any CPU = Debug|Any CPU
		Release|Any CPU = Release|Any CPU
	EndGlobalSection
	GlobalSection(ProjectConfigurationPlatforms) = postSolution
		{F70869A5-97CA-4A64-8090-001B30BBBF1A}.Debug|Any CPU.ActiveCfg = Debug|Any CPU
		{F70869A5-97CA-4A64-8090-001B30BBBF1A}.Debug|Any CPU.Build.0 = Debug|Any CPU
		{F70869A5-97CA-4A64-8090-001B30BBBF1A}.Release|Any CPU.ActiveCfg = Release|Any CPU
		{F70869A5-97CA-4A64-8090-001B30BBBF1A}.Release|Any CPU.Build.0 = Release|Any CPU
		{8DF0C58E-7723-4D33-9184-CBBBF9D13FAC}.Debug|Any CPU.ActiveCfg = Debug|Any CPU
		{8DF0C58E-7723-4D33-9184-CBBBF9D13FAC}.Debug|Any CPU.Build.0 = Debug|Any CPU
		{8DF0C58E-7723-4D33-9184-CBBBF9D13FAC}.Release|Any CPU.ActiveCfg = Release|Any CPU
		{8DF0C58E-7723-4D33-9184-CBBBF9D13FAC}.Release|Any CPU.Build.0 = Release|Any CPU
		{CC222C90-D3ED-4E12-9A8E-18A4827A6472}.Debug|Any CPU.ActiveCfg = Debug|Any CPU
		{CC222C90-D3ED-4E12-9A8E-18A4827A6472}.Debug|Any CPU.Build.0 = Debug|Any CPU
		{CC222C90-D3ED-4E12-9A8E-18A4827A6472}.Release|Any CPU.ActiveCfg = Release|Any CPU
		{CC222C90-D3ED-4E12-9A8E-18A4827A6472}.Release|Any CPU.Build.0 = Release|Any CPU
		{84381633-55F9-4D88-915F-67FA4D54DF42}.Debug|Any CPU.ActiveCfg = Debug|Any CPU
		{84381633-55F9-4D88-915F-67FA4D54DF42}.Debug|Any CPU.Build.0 = Debug|Any CPU
		{84381633-55F9-4D88-915F-67FA4D54DF42}.Release|Any CPU.ActiveCfg = Release|Any CPU
		{84381633-55F9-4D88-915F-67FA4D54DF42}.Release|Any CPU.Build.0 = Release|Any CPU
	EndGlobalSection
	GlobalSection(SolutionProperties) = preSolution
		HideSolutionNode = FALSE
	EndGlobalSection
EndGlobal
